{
  "name": "vitedemo",
  "version": "1.0.0",
  "lockfileVersion": 1,
  "requires": true,
  "dependencies": {
    "@babel/parser": {
      "version": "7.17.0",
      "resolved": "https://registry.npmjs.org/@babel/parser/-/parser-7.17.0.tgz",
      "integrity": "sha512-VKXSCQx5D8S04ej+Dqsr1CzYvvWgf20jIw2D+YhQCrIlr2UZGaDds23Y0xg75/skOxpLCRpUZvk/1EAVkGoDOw==",
      "dev": true
    },
    "@csstools/postcss-font-format-keywords": {
      "version": "1.0.0",
      "resolved": "https://registry.npmjs.org/@csstools/postcss-font-format-keywords/-/postcss-font-format-keywords-1.0.0.tgz",
      "integrity": "sha512-oO0cZt8do8FdVBX8INftvIA4lUrKUSCcWUf9IwH9IPWOgKT22oAZFXeHLoDK7nhB2SmkNycp5brxfNMRLIhd6Q==",
      "dev": true,
      "requires": {
        "postcss-value-parser": "^4.2.0"
      }
    },
    "@csstools/postcss-hwb-function": {
      "version": "1.0.0",
      "resolved": "https://registry.npmjs.org/@csstools/postcss-hwb-function/-/postcss-hwb-function-1.0.0.tgz",
      "integrity": "sha512-VSTd7hGjmde4rTj1rR30sokY3ONJph1reCBTUXqeW1fKwETPy1x4t/XIeaaqbMbC5Xg4SM/lyXZ2S8NELT2TaA==",
      "dev": true,
      "requires": {
        "postcss-value-parser": "^4.2.0"
      }
    },
    "@csstools/postcss-is-pseudo-class": {
      "version": "2.0.0",
      "resolved": "https://registry.npmjs.org/@csstools/postcss-is-pseudo-class/-/postcss-is-pseudo-class-2.0.0.tgz",
      "integrity": "sha512-WnfZlyuh/CW4oS530HBbrKq0G8BKl/bsNr5NMFoubBFzJfvFRGJhplCgIJYWUidLuL3WJ/zhMtDIyNFTqhx63Q==",
      "dev": true,
      "requires": {
        "postcss-selector-parser": "^6.0.9"
      }
    },
    "@csstools/postcss-normalize-display-values": {
      "version": "1.0.0",
      "resolved": "https://registry.npmjs.org/@csstools/postcss-normalize-display-values/-/postcss-normalize-display-values-1.0.0.tgz",
      "integrity": "sha512-bX+nx5V8XTJEmGtpWTO6kywdS725t71YSLlxWt78XoHUbELWgoCXeOFymRJmL3SU1TLlKSIi7v52EWqe60vJTQ==",
      "dev": true,
      "requires": {
        "postcss-value-parser": "^4.2.0"
      }
    },
    "@vitejs/plugin-vue": {
      "version": "2.1.0",
      "resolved": "https://registry.npmjs.org/@vitejs/plugin-vue/-/plugin-vue-2.1.0.tgz",
      "integrity": "sha512-AZ78WxvFMYd8JmM/GBV6a6SGGTU0GgN/0/4T+FnMMsLzFEzTeAUwuraapy50ifHZsC+G5SvWs86bvaCPTneFlA==",
      "dev": true
    },
    "@vue/compiler-core": {
      "version": "3.2.29",
      "resolved": "https://registry.npmjs.org/@vue/compiler-core/-/compiler-core-3.2.29.tgz",
      "integrity": "sha512-RePZ/J4Ub3sb7atQw6V6Rez+/5LCRHGFlSetT3N4VMrejqJnNPXKUt5AVm/9F5MJriy2w/VudEIvgscCfCWqxw==",
      "dev": true,
      "requires": {
        "@babel/parser": "^7.16.4",
        "@vue/shared": "3.2.29",
        "estree-walker": "^2.0.2",
        "source-map": "^0.6.1"
      }
    },
    "@vue/compiler-dom": {
      "version": "3.2.29",
      "resolved": "https://registry.npmjs.org/@vue/compiler-dom/-/compiler-dom-3.2.29.tgz",
      "integrity": "sha512-y26vK5khdNS9L3ckvkqJk/78qXwWb75Ci8iYLb67AkJuIgyKhIOcR1E8RIt4mswlVCIeI9gQ+fmtdhaiTAtrBQ==",
      "dev": true,
      "requires": {
        "@vue/compiler-core": "3.2.29",
        "@vue/shared": "3.2.29"
      }
    },
    "@vue/compiler-sfc": {
      "version": "3.2.29",
      "resolved": "https://registry.npmjs.org/@vue/compiler-sfc/-/compiler-sfc-3.2.29.tgz",
      "integrity": "sha512-X9+0dwsag2u6hSOP/XsMYqFti/edvYvxamgBgCcbSYuXx1xLZN+dS/GvQKM4AgGS4djqo0jQvWfIXdfZ2ET68g==",
      "dev": true,
      "requires": {
        "@babel/parser": "^7.16.4",
        "@vue/compiler-core": "3.2.29",
        "@vue/compiler-dom": "3.2.29",
        "@vue/compiler-ssr": "3.2.29",
        "@vue/reactivity-transform": "3.2.29",
        "@vue/shared": "3.2.29",
        "estree-walker": "^2.0.2",
        "magic-string": "^0.25.7",
        "postcss": "^8.1.10",
        "source-map": "^0.6.1"
      }
    },
    "@vue/compiler-ssr": {
      "version": "3.2.29",
      "resolved": "https://registry.npmjs.org/@vue/compiler-ssr/-/compiler-ssr-3.2.29.tgz",
      "integrity": "sha512-LrvQwXlx66uWsB9/VydaaqEpae9xtmlUkeSKF6aPDbzx8M1h7ukxaPjNCAXuFd3fUHblcri8k42lfimHfzMICA==",
      "dev": true,
      "requires": {
        "@vue/compiler-dom": "3.2.29",
        "@vue/shared": "3.2.29"
      }
    },
    "@vue/reactivity": {
      "version": "3.2.29",
      "resolved": "https://registry.npmjs.org/@vue/reactivity/-/reactivity-3.2.29.tgz",
      "integrity": "sha512-Ryhb6Gy62YolKXH1gv42pEqwx7zs3n8gacRVZICSgjQz8Qr8QeCcFygBKYfJm3o1SccR7U+bVBQDWZGOyG1k4g==",
      "dev": true,
      "requires": {
        "@vue/shared": "3.2.29"
      }
    },
    "@vue/reactivity-transform": {
      "version": "3.2.29",
      "resolved": "https://registry.npmjs.org/@vue/reactivity-transform/-/reactivity-transform-3.2.29.tgz",
      "integrity": "sha512-YF6HdOuhdOw6KyRm59+3rML8USb9o8mYM1q+SH0G41K3/q/G7uhPnHGKvspzceD7h9J3VR1waOQ93CUZj7J7OA==",
      "dev": true,
      "requires": {
        "@babel/parser": "^7.16.4",
        "@vue/compiler-core": "3.2.29",
        "@vue/shared": "3.2.29",
        "estree-walker": "^2.0.2",
        "magic-string": "^0.25.7"
      }
    },
    "@vue/runtime-core": {
      "version": "3.2.29",
      "resolved": "https://registry.npmjs.org/@vue/runtime-core/-/runtime-core-3.2.29.tgz",
      "integrity": "sha512-VMvQuLdzoTGmCwIKTKVwKmIL0qcODIqe74JtK1pVr5lnaE0l25hopodmPag3RcnIcIXe+Ye3B2olRCn7fTCgig==",
      "dev": true,
      "requires": {
        "@vue/reactivity": "3.2.29",
        "@vue/shared": "3.2.29"
      }
    },
    "@vue/runtime-dom": {
      "version": "3.2.29",
      "resolved": "https://registry.npmjs.org/@vue/runtime-dom/-/runtime-dom-3.2.29.tgz",
      "integrity": "sha512-YJgLQLwr+SQyORzTsBQLL5TT/5UiV83tEotqjL7F9aFDIQdFBTCwpkCFvX9jqwHoyi9sJqM9XtTrMcc8z/OjPA==",
      "dev": true,
      "requires": {
        "@vue/runtime-core": "3.2.29",
        "@vue/shared": "3.2.29",
        "csstype": "^2.6.8"
      }
    },
    "@vue/server-renderer": {
      "version": "3.2.29",
      "resolved": "https://registry.npmjs.org/@vue/server-renderer/-/server-renderer-3.2.29.tgz",
      "integrity": "sha512-lpiYx7ciV7rWfJ0tPkoSOlLmwqBZ9FTmQm33S+T4g0j1fO/LmhJ9b9Ctl1o5xvIFVDk9QkSUWANZn7H2pXuxVw==",
      "dev": true,
      "requires": {
        "@vue/compiler-ssr": "3.2.29",
        "@vue/shared": "3.2.29"
      }
    },
    "@vue/shared": {
      "version": "3.2.29",
      "resolved": "https://registry.npmjs.org/@vue/shared/-/shared-3.2.29.tgz",
      "integrity": "sha512-BjNpU8OK6Z0LVzGUppEk0CMYm/hKDnZfYdjSmPOs0N+TR1cLKJAkDwW8ASZUvaaSLEi6d3hVM7jnWnX+6yWnHw==",
      "dev": true
    },
    "autoprefixer": {
      "version": "10.4.2",
      "resolved": "https://registry.npmjs.org/autoprefixer/-/autoprefixer-10.4.2.tgz",
      "integrity": "sha512-9fOPpHKuDW1w/0EKfRmVnxTDt8166MAnLI3mgZ1JCnhNtYWxcJ6Ud5CO/AVOZi/AvFa8DY9RTy3h3+tFBlrrdQ==",
      "dev": true,
      "requires": {
        "browserslist": "^4.19.1",
        "caniuse-lite": "^1.0.30001297",
        "fraction.js": "^4.1.2",
        "normalize-range": "^0.1.2",
        "picocolors": "^1.0.0",
        "postcss-value-parser": "^4.2.0"
      }
    },
    "balanced-match": {
      "version": "1.0.2",
      "resolved": "https://registry.npmjs.org/balanced-match/-/balanced-match-1.0.2.tgz",
      "integrity": "sha512-3oSeUO0TMV67hN1AmbXsK4yaqU7tjiHlbxRDZOpH0KW9+CeX4bRAaX0Anxt0tx2MrpRpWwQaPwIlISEJhYU5Pw==",
      "dev": true
    },
    "browserslist": {
      "version": "4.19.1",
      "resolved": "https://registry.npmjs.org/browserslist/-/browserslist-4.19.1.tgz",
      "integrity": "sha512-u2tbbG5PdKRTUoctO3NBD8FQ5HdPh1ZXPHzp1rwaa5jTc+RV9/+RlWiAIKmjRPQF+xbGM9Kklj5bZQFa2s/38A==",
      "dev": true,
      "requires": {
        "caniuse-lite": "^1.0.30001286",
        "electron-to-chromium": "^1.4.17",
        "escalade": "^3.1.1",
        "node-releases": "^2.0.1",
        "picocolors": "^1.0.0"
      }
    },
    "caniuse-lite": {
      "version": "1.0.30001307",
      "resolved": "https://registry.npmjs.org/caniuse-lite/-/caniuse-lite-1.0.30001307.tgz",
      "integrity": "sha512-+MXEMczJ4FuxJAUp0jvAl6Df0NI/OfW1RWEE61eSmzS7hw6lz4IKutbhbXendwq8BljfFuHtu26VWsg4afQ7Ng==",
      "dev": true
    },
    "copy-anything": {
      "version": "2.0.6",
      "resolved": "https://registry.npmjs.org/copy-anything/-/copy-anything-2.0.6.tgz",
      "integrity": "sha512-1j20GZTsvKNkc4BY3NpMOM8tt///wY3FpIzozTOFO2ffuZcV61nojHXVKIy3WM+7ADCy5FVhdZYHYDdgTU0yJw==",
      "dev": true,
      "requires": {
        "is-what": "^3.14.1"
      }
    },
    "css-blank-pseudo": {
      "version": "3.0.3",
      "resolved": "https://registry.npmjs.org/css-blank-pseudo/-/css-blank-pseudo-3.0.3.tgz",
      "integrity": "sha512-VS90XWtsHGqoM0t4KpH053c4ehxZ2E6HtGI7x68YFV0pTo/QmkV/YFA+NnlvK8guxZVNWGQhVNJGC39Q8XF4OQ==",
      "dev": true,
      "requires": {
        "postcss-selector-parser": "^6.0.9"
      }
    },
    "css-has-pseudo": {
      "version": "3.0.4",
      "resolved": "https://registry.npmjs.org/css-has-pseudo/-/css-has-pseudo-3.0.4.tgz",
      "integrity": "sha512-Vse0xpR1K9MNlp2j5w1pgWIJtm1a8qS0JwS9goFYcImjlHEmywP9VUF05aGBXzGpDJF86QXk4L0ypBmwPhGArw==",
      "dev": true,
      "requires": {
        "postcss-selector-parser": "^6.0.9"
      }
    },
    "css-prefers-color-scheme": {
      "version": "6.0.3",
      "resolved": "https://registry.npmjs.org/css-prefers-color-scheme/-/css-prefers-color-scheme-6.0.3.tgz",
      "integrity": "sha512-4BqMbZksRkJQx2zAjrokiGMd07RqOa2IxIrrN10lyBe9xhn9DEvjUK79J6jkeiv9D9hQFXKb6g1jwU62jziJZA==",
      "dev": true
    },
    "cssdb": {
      "version": "6.2.0",
      "resolved": "https://registry.npmjs.org/cssdb/-/cssdb-6.2.0.tgz",
      "integrity": "sha512-OP1owHiK7IkCPSmNvWGMOEbfMcPZ8HA1TkzUXzB2SA708Y4pFGXWtLAVxds2QJI/0FA3mCNwRkEA9B4U4fW2Dw==",
      "dev": true
    },
    "cssesc": {
      "version": "3.0.0",
      "resolved": "https://registry.npmjs.org/cssesc/-/cssesc-3.0.0.tgz",
      "integrity": "sha512-/Tb/JcjK111nNScGob5MNtsntNM1aCNUDipB/TkwZFhyDrrE47SOx/18wF2bbjgc3ZzCSKW1T5nt5EbFoAz/Vg==",
      "dev": true
    },
    "csstype": {
      "version": "2.6.19",
      "resolved": "https://registry.npmjs.org/csstype/-/csstype-2.6.19.tgz",
      "integrity": "sha512-ZVxXaNy28/k3kJg0Fou5MiYpp88j7H9hLZp8PDC3jV0WFjfH5E9xHb56L0W59cPbKbcHXeP4qyT8PrHp8t6LcQ==",
      "dev": true
    },
    "debug": {
      "version": "3.2.7",
      "resolved": "https://registry.npmjs.org/debug/-/debug-3.2.7.tgz",
      "integrity": "sha512-CFjzYYAi4ThfiQvizrFQevTTXHtnCqWfe7x1AhgEscTz6ZbLbfoLRLPugTQyBth6f8ZERVUSyWHFD/7Wu4t1XQ==",
      "dev": true,
      "optional": true,
      "requires": {
        "ms": "^2.1.1"
      }
    },
    "electron-to-chromium": {
      "version": "1.4.65",
      "resolved": "https://registry.npmjs.org/electron-to-chromium/-/electron-to-chromium-1.4.65.tgz",
      "integrity": "sha512-0/d8Skk8sW3FxXP0Dd6MnBlrwx7Qo9cqQec3BlIAlvKnrmS3pHsIbaroEi+nd0kZkGpQ6apMEre7xndzjlEnLw==",
      "dev": true
    },
    "errno": {
      "version": "0.1.8",
      "resolved": "https://registry.npmjs.org/errno/-/errno-0.1.8.tgz",
      "integrity": "sha512-dJ6oBr5SQ1VSd9qkk7ByRgb/1SH4JZjCHSW/mr63/QcXO9zLVxvJ6Oy13nio03rxpSnVDDjFor75SjVeZWPW/A==",
      "dev": true,
      "optional": true,
      "requires": {
        "prr": "~1.0.1"
      }
    },
    "esbuild": {
      "version": "0.13.15",
      "resolved": "https://registry.npmjs.org/esbuild/-/esbuild-0.13.15.tgz",
      "integrity": "sha512-raCxt02HBKv8RJxE8vkTSCXGIyKHdEdGfUmiYb8wnabnaEmHzyW7DCHb5tEN0xU8ryqg5xw54mcwnYkC4x3AIw==",
      "dev": true,
      "requires": {
        "esbuild-android-arm64": "0.13.15",
        "esbuild-darwin-64": "0.13.15",
        "esbuild-darwin-arm64": "0.13.15",
        "esbuild-freebsd-64": "0.13.15",
        "esbuild-freebsd-arm64": "0.13.15",
        "esbuild-linux-32": "0.13.15",
        "esbuild-linux-64": "0.13.15",
        "esbuild-linux-arm": "0.13.15",
        "esbuild-linux-arm64": "0.13.15",
        "esbuild-linux-mips64le": "0.13.15",
        "esbuild-linux-ppc64le": "0.13.15",
        "esbuild-netbsd-64": "0.13.15",
        "esbuild-openbsd-64": "0.13.15",
        "esbuild-sunos-64": "0.13.15",
        "esbuild-windows-32": "0.13.15",
        "esbuild-windows-64": "0.13.15",
        "esbuild-windows-arm64": "0.13.15"
      }
    },
    "esbuild-android-arm64": {
      "version": "0.13.15",
      "resolved": "https://registry.npmjs.org/esbuild-android-arm64/-/esbuild-android-arm64-0.13.15.tgz",
      "integrity": "sha512-m602nft/XXeO8YQPUDVoHfjyRVPdPgjyyXOxZ44MK/agewFFkPa8tUo6lAzSWh5Ui5PB4KR9UIFTSBKh/RrCmg==",
      "dev": true,
      "optional": true
    },
    "esbuild-darwin-64": {
      "version": "0.13.15",
      "resolved": "https://registry.npmjs.org/esbuild-darwin-64/-/esbuild-darwin-64-0.13.15.tgz",
      "integrity": "sha512-ihOQRGs2yyp7t5bArCwnvn2Atr6X4axqPpEdCFPVp7iUj4cVSdisgvEKdNR7yH3JDjW6aQDw40iQFoTqejqxvQ==",
      "dev": true,
      "optional": true
    },
    "esbuild-darwin-arm64": {
      "version": "0.13.15",
      "resolved": "https://registry.npmjs.org/esbuild-darwin-arm64/-/esbuild-darwin-arm64-0.13.15.tgz",
      "integrity": "sha512-i1FZssTVxUqNlJ6cBTj5YQj4imWy3m49RZRnHhLpefFIh0To05ow9DTrXROTE1urGTQCloFUXTX8QfGJy1P8dQ==",
      "dev": true,
      "optional": true
    },
    "esbuild-freebsd-64": {
      "version": "0.13.15",
      "resolved": "https://registry.npmjs.org/esbuild-freebsd-64/-/esbuild-freebsd-64-0.13.15.tgz",
      "integrity": "sha512-G3dLBXUI6lC6Z09/x+WtXBXbOYQZ0E8TDBqvn7aMaOCzryJs8LyVXKY4CPnHFXZAbSwkCbqiPuSQ1+HhrNk7EA==",
      "dev": true,
      "optional": true
    },
    "esbuild-freebsd-arm64": {
      "version": "0.13.15",
      "resolved": "https://registry.npmjs.org/esbuild-freebsd-arm64/-/esbuild-freebsd-arm64-0.13.15.tgz",
      "integrity": "sha512-KJx0fzEDf1uhNOZQStV4ujg30WlnwqUASaGSFPhznLM/bbheu9HhqZ6mJJZM32lkyfGJikw0jg7v3S0oAvtvQQ==",
      "dev": true,
      "optional": true
    },
    "esbuild-linux-32": {
      "version": "0.13.15",
      "resolved": "https://registry.npmjs.org/esbuild-linux-32/-/esbuild-linux-32-0.13.15.tgz",
      "integrity": "sha512-ZvTBPk0YWCLMCXiFmD5EUtB30zIPvC5Itxz0mdTu/xZBbbHJftQgLWY49wEPSn2T/TxahYCRDWun5smRa0Tu+g==",
      "dev": true,
      "optional": true
    },
    "esbuild-linux-64": {
      "version": "0.13.15",
      "resolved": "https://registry.npmjs.org/esbuild-linux-64/-/esbuild-linux-64-0.13.15.tgz",
      "integrity": "sha512-eCKzkNSLywNeQTRBxJRQ0jxRCl2YWdMB3+PkWFo2BBQYC5mISLIVIjThNtn6HUNqua1pnvgP5xX0nHbZbPj5oA==",
      "dev": true,
      "optional": true
    },
    "esbuild-linux-arm": {
      "version": "0.13.15",
      "resolved": "https://registry.npmjs.org/esbuild-linux-arm/-/esbuild-linux-arm-0.13.15.tgz",
      "integrity": "sha512-wUHttDi/ol0tD8ZgUMDH8Ef7IbDX+/UsWJOXaAyTdkT7Yy9ZBqPg8bgB/Dn3CZ9SBpNieozrPRHm0BGww7W/jA==",
      "dev": true,
      "optional": true
    },
    "esbuild-linux-arm64": {
      "version": "0.13.15",
      "resolved": "https://registry.npmjs.org/esbuild-linux-arm64/-/esbuild-linux-arm64-0.13.15.tgz",
      "integrity": "sha512-bYpuUlN6qYU9slzr/ltyLTR9YTBS7qUDymO8SV7kjeNext61OdmqFAzuVZom+OLW1HPHseBfJ/JfdSlx8oTUoA==",
      "dev": true,
      "optional": true
    },
    "esbuild-linux-mips64le": {
      "version": "0.13.15",
      "resolved": "https://registry.npmjs.org/esbuild-linux-mips64le/-/esbuild-linux-mips64le-0.13.15.tgz",
      "integrity": "sha512-KlVjIG828uFPyJkO/8gKwy9RbXhCEUeFsCGOJBepUlpa7G8/SeZgncUEz/tOOUJTcWMTmFMtdd3GElGyAtbSWg==",
      "dev": true,
      "optional": true
    },
    "esbuild-linux-ppc64le": {
      "version": "0.13.15",
      "resolved": "https://registry.npmjs.org/esbuild-linux-ppc64le/-/esbuild-linux-ppc64le-0.13.15.tgz",
      "integrity": "sha512-h6gYF+OsaqEuBjeesTBtUPw0bmiDu7eAeuc2OEH9S6mV9/jPhPdhOWzdeshb0BskRZxPhxPOjqZ+/OqLcxQwEQ==",
      "dev": true,
      "optional": true
    },
    "esbuild-netbsd-64": {
      "version": "0.13.15",
      "resolved": "https://registry.npmjs.org/esbuild-netbsd-64/-/esbuild-netbsd-64-0.13.15.tgz",
      "integrity": "sha512-3+yE9emwoevLMyvu+iR3rsa+Xwhie7ZEHMGDQ6dkqP/ndFzRHkobHUKTe+NCApSqG5ce2z4rFu+NX/UHnxlh3w==",
      "dev": true,
      "optional": true
    },
    "esbuild-openbsd-64": {
      "version": "0.13.15",
      "resolved": "https://registry.npmjs.org/esbuild-openbsd-64/-/esbuild-openbsd-64-0.13.15.tgz",
      "integrity": "sha512-wTfvtwYJYAFL1fSs8yHIdf5GEE4NkbtbXtjLWjM3Cw8mmQKqsg8kTiqJ9NJQe5NX/5Qlo7Xd9r1yKMMkHllp5g==",
      "dev": true,
      "optional": true
    },
    "esbuild-sunos-64": {
      "version": "0.13.15",
      "resolved": "https://registry.npmjs.org/esbuild-sunos-64/-/esbuild-sunos-64-0.13.15.tgz",
      "integrity": "sha512-lbivT9Bx3t1iWWrSnGyBP9ODriEvWDRiweAs69vI+miJoeKwHWOComSRukttbuzjZ8r1q0mQJ8Z7yUsDJ3hKdw==",
      "dev": true,
      "optional": true
    },
    "esbuild-windows-32": {
      "version": "0.13.15",
      "resolved": "https://registry.npmjs.org/esbuild-windows-32/-/esbuild-windows-32-0.13.15.tgz",
      "integrity": "sha512-fDMEf2g3SsJ599MBr50cY5ve5lP1wyVwTe6aLJsM01KtxyKkB4UT+fc5MXQFn3RLrAIAZOG+tHC+yXObpSn7Nw==",
      "dev": true,
      "optional": true
    },
    "esbuild-windows-64": {
      "version": "0.13.15",
      "resolved": "https://registry.npmjs.org/esbuild-windows-64/-/esbuild-windows-64-0.13.15.tgz",
      "integrity": "sha512-9aMsPRGDWCd3bGjUIKG/ZOJPKsiztlxl/Q3C1XDswO6eNX/Jtwu4M+jb6YDH9hRSUflQWX0XKAfWzgy5Wk54JQ==",
      "dev": true,
      "optional": true
    },
    "esbuild-windows-arm64": {
      "version": "0.13.15",
      "resolved": "https://registry.npmjs.org/esbuild-windows-arm64/-/esbuild-windows-arm64-0.13.15.tgz",
      "integrity": "sha512-zzvyCVVpbwQQATaf3IG8mu1IwGEiDxKkYUdA4FpoCHi1KtPa13jeScYDjlW0Qh+ebWzpKfR2ZwvqAQkSWNcKjA==",
      "dev": true,
      "optional": true
    },
    "escalade": {
      "version": "3.1.1",
      "resolved": "https://registry.npmjs.org/escalade/-/escalade-3.1.1.tgz",
      "integrity": "sha512-k0er2gUkLf8O0zKJiAhmkTnJlTvINGv7ygDNPbeIsX/TJjGJZHuh9B2UxbsaEkmlEo9MfhrSzmhIlhRlI2GXnw==",
      "dev": true
    },
    "estree-walker": {
      "version": "2.0.2",
      "resolved": "https://registry.npmjs.org/estree-walker/-/estree-walker-2.0.2.tgz",
      "integrity": "sha512-Rfkk/Mp/DL7JVje3u18FxFujQlTNR2q6QfMSMB7AvCBx91NGj/ba3kCfza0f6dVDbw7YlRf/nDrn7pQrCCyQ/w==",
      "dev": true
    },
    "fraction.js": {
      "version": "4.1.2",
      "resolved": "https://registry.npmjs.org/fraction.js/-/fraction.js-4.1.2.tgz",
      "integrity": "sha512-o2RiJQ6DZaR/5+Si0qJUIy637QMRudSi9kU/FFzx9EZazrIdnBgpU+3sEWCxAVhH2RtxW2Oz+T4p2o8uOPVcgA==",
      "dev": true
    },
    "fsevents": {
      "version": "2.3.2",
      "resolved": "https://registry.npmjs.org/fsevents/-/fsevents-2.3.2.tgz",
      "integrity": "sha512-xiqMQR4xAeHTuB9uWm+fFRcIOgKBMiOBP+eXiyT7jsgVCq1bkVygt00oASowB7EdtpOHaaPgKt812P9ab+DDKA==",
      "dev": true,
      "optional": true
    },
    "function-bind": {
      "version": "1.1.1",
      "resolved": "https://registry.npmjs.org/function-bind/-/function-bind-1.1.1.tgz",
      "integrity": "sha512-yIovAzMX49sF8Yl58fSCWJ5svSLuaibPxXQJFLmBObTuCr0Mf1KiPopGM9NiFjiYBCbfaa2Fh6breQ6ANVTI0A==",
      "dev": true
    },
    "graceful-fs": {
      "version": "4.2.9",
      "resolved": "https://registry.npmjs.org/graceful-fs/-/graceful-fs-4.2.9.tgz",
      "integrity": "sha512-NtNxqUcXgpW2iMrfqSfR73Glt39K+BLwWsPs94yR63v45T0Wbej7eRmL5cWfwEgqXnmjQp3zaJTshdRW/qC2ZQ==",
      "dev": true,
      "optional": true
    },
    "has": {
      "version": "1.0.3",
      "resolved": "https://registry.npmjs.org/has/-/has-1.0.3.tgz",
      "integrity": "sha512-f2dvO0VU6Oej7RkWJGrehjbzMAjFp5/VKPp5tTpWIV4JHHZK1/BxbFRtf/siA2SWTe09caDmVtYYzWEIbBS4zw==",
      "dev": true,
      "requires": {
        "function-bind": "^1.1.1"
      }
    },
    "iconv-lite": {
      "version": "0.4.24",
      "resolved": "https://registry.npmjs.org/iconv-lite/-/iconv-lite-0.4.24.tgz",
      "integrity": "sha512-v3MXnZAcvnywkTUEZomIActle7RXXeedOR31wwl7VlyoXO4Qi9arvSenNQWne1TcRwhCL1HwLI21bEqdpj8/rA==",
      "dev": true,
      "optional": true,
      "requires": {
        "safer-buffer": ">= 2.1.2 < 3"
      }
    },
    "image-size": {
      "version": "0.5.5",
      "resolved": "https://registry.npmjs.org/image-size/-/image-size-0.5.5.tgz",
      "integrity": "sha1-Cd/Uq50g4p6xw+gLiZA3jfnjy5w=",
      "dev": true,
      "optional": true
    },
    "is-core-module": {
      "version": "2.8.1",
      "resolved": "https://registry.npmjs.org/is-core-module/-/is-core-module-2.8.1.tgz",
      "integrity": "sha512-SdNCUs284hr40hFTFP6l0IfZ/RSrMXF3qgoRHd3/79unUTvrFO/JoXwkGm+5J/Oe3E/b5GsnG330uUNgRpu1PA==",
      "dev": true,
      "requires": {
        "has": "^1.0.3"
      }
    },
    "is-what": {
      "version": "3.14.1",
      "resolved": "https://registry.npmjs.org/is-what/-/is-what-3.14.1.tgz",
      "integrity": "sha512-sNxgpk9793nzSs7bA6JQJGeIuRBQhAaNGG77kzYQgMkrID+lS6SlK07K5LaptscDlSaIgH+GPFzf+d75FVxozA==",
      "dev": true
    },
    "less": {
      "version": "4.1.2",
      "resolved": "https://registry.npmjs.org/less/-/less-4.1.2.tgz",
      "integrity": "sha512-EoQp/Et7OSOVu0aJknJOtlXZsnr8XE8KwuzTHOLeVSEx8pVWUICc8Q0VYRHgzyjX78nMEyC/oztWFbgyhtNfDA==",
      "dev": true,
      "requires": {
        "copy-anything": "^2.0.1",
        "errno": "^0.1.1",
        "graceful-fs": "^4.1.2",
        "image-size": "~0.5.0",
        "make-dir": "^2.1.0",
        "mime": "^1.4.1",
        "needle": "^2.5.2",
        "parse-node-version": "^1.0.1",
        "source-map": "~0.6.0",
        "tslib": "^2.3.0"
      }
    },
    "lodash": {
      "version": "4.17.21",
      "resolved": "https://registry.npmjs.org/lodash/-/lodash-4.17.21.tgz",
      "integrity": "sha512-v2kDEe57lecTulaDIuNTPy3Ry4gLGJ6Z1O3vE1krgXZNrsQ+LFTGHVxVjcXPs17LhbZVGedAJv8XZ1tvj5FvSg=="
    },
    "magic-string": {
      "version": "0.25.7",
      "resolved": "https://registry.npmjs.org/magic-string/-/magic-string-0.25.7.tgz",
      "integrity": "sha512-4CrMT5DOHTDk4HYDlzmwu4FVCcIYI8gauveasrdCu2IKIFOJ3f0v/8MDGJCDL9oD2ppz/Av1b0Nj345H9M+XIA==",
      "dev": true,
      "requires": {
        "sourcemap-codec": "^1.4.4"
      }
    },
    "make-dir": {
      "version": "2.1.0",
      "resolved": "https://registry.npmjs.org/make-dir/-/make-dir-2.1.0.tgz",
      "integrity": "sha512-LS9X+dc8KLxXCb8dni79fLIIUA5VyZoyjSMCwTluaXA0o27cCK0bhXkpgw+sTXVpPy/lSO57ilRixqk0vDmtRA==",
      "dev": true,
      "optional": true,
      "requires": {
        "pify": "^4.0.1",
        "semver": "^5.6.0"
      }
    },
    "mime": {
      "version": "1.6.0",
      "resolved": "https://registry.npmjs.org/mime/-/mime-1.6.0.tgz",
      "integrity": "sha512-x0Vn8spI+wuJ1O6S7gnbaQg8Pxh4NNHb7KSINmEWKiPE4RKOplvijn+NkmYmmRgP68mc70j2EbeTFRsrswaQeg==",
      "dev": true,
      "optional": true
    },
    "ms": {
      "version": "2.1.3",
      "resolved": "https://registry.npmjs.org/ms/-/ms-2.1.3.tgz",
      "integrity": "sha512-6FlzubTLZG3J2a/NVCAleEhjzq5oxgHyaCU9yYXvcLsvoVaHJq/s5xXI6/XXP6tz7R9xAOtHnSO/tXtF3WRTlA==",
      "dev": true,
      "optional": true
    },
    "nanoid": {
      "version": "3.2.0",
      "resolved": "https://registry.npmjs.org/nanoid/-/nanoid-3.2.0.tgz",
      "integrity": "sha512-fmsZYa9lpn69Ad5eDn7FMcnnSR+8R34W9qJEijxYhTbfOWzr22n1QxCMzXLK+ODyW2973V3Fux959iQoUxzUIA==",
      "dev": true
    },
    "needle": {
      "version": "2.9.1",
      "resolved": "https://registry.npmjs.org/needle/-/needle-2.9.1.tgz",
      "integrity": "sha512-6R9fqJ5Zcmf+uYaFgdIHmLwNldn5HbK8L5ybn7Uz+ylX/rnOsSp1AHcvQSrCaFN+qNM1wpymHqD7mVasEOlHGQ==",
      "dev": true,
      "optional": true,
      "requires": {
        "debug": "^3.2.6",
        "iconv-lite": "^0.4.4",
        "sax": "^1.2.4"
      }
    },
    "node-releases": {
      "version": "2.0.1",
      "resolved": "https://registry.npmjs.org/node-releases/-/node-releases-2.0.1.tgz",
      "integrity": "sha512-CqyzN6z7Q6aMeF/ktcMVTzhAHCEpf8SOarwpzpf8pNBY2k5/oM34UHldUwp8VKI7uxct2HxSRdJjBaZeESzcxA==",
      "dev": true
    },
    "normalize-range": {
      "version": "0.1.2",
      "resolved": "https://registry.npmjs.org/normalize-range/-/normalize-range-0.1.2.tgz",
      "integrity": "sha1-LRDAa9/TEuqXd2laTShDlFa3WUI=",
      "dev": true
    },
    "parse-node-version": {
      "version": "1.0.1",
      "resolved": "https://registry.npmjs.org/parse-node-version/-/parse-node-version-1.0.1.tgz",
      "integrity": "sha512-3YHlOa/JgH6Mnpr05jP9eDG254US9ek25LyIxZlDItp2iJtwyaXQb57lBYLdT3MowkUFYEV2XXNAYIPlESvJlA==",
      "dev": true
    },
    "path-parse": {
      "version": "1.0.7",
      "resolved": "https://registry.npmjs.org/path-parse/-/path-parse-1.0.7.tgz",
      "integrity": "sha512-LDJzPVEEEPR+y48z93A0Ed0yXb8pAByGWo/k5YYdYgpY2/2EsOsksJrq7lOHxryrVOn1ejG6oAp8ahvOIQD8sw==",
      "dev": true
    },
    "picocolors": {
      "version": "1.0.0",
      "resolved": "https://registry.npmjs.org/picocolors/-/picocolors-1.0.0.tgz",
      "integrity": "sha512-1fygroTLlHu66zi26VoTDv8yRgm0Fccecssto+MhsZ0D/DGW2sm8E8AjW7NU5VVTRt5GxbeZ5qBuJr+HyLYkjQ==",
      "dev": true
    },
    "pify": {
      "version": "4.0.1",
      "resolved": "https://registry.npmjs.org/pify/-/pify-4.0.1.tgz",
      "integrity": "sha512-uB80kBFb/tfd68bVleG9T5GGsGPjJrLAUpR5PZIrhBnIaRTQRjqdJSsIKkOP6OAIFbj7GOrcudc5pNjZ+geV2g==",
      "dev": true,
      "optional": true
    },
    "postcss": {
      "version": "8.4.6",
      "resolved": "https://registry.npmjs.org/postcss/-/postcss-8.4.6.tgz",
      "integrity": "sha512-OovjwIzs9Te46vlEx7+uXB0PLijpwjXGKXjVGGPIGubGpq7uh5Xgf6D6FiJ/SzJMBosHDp6a2hiXOS97iBXcaA==",
      "dev": true,
      "requires": {
        "nanoid": "^3.2.0",
        "picocolors": "^1.0.0",
        "source-map-js": "^1.0.2"
      }
    },
    "postcss-attribute-case-insensitive": {
      "version": "5.0.0",
      "resolved": "https://registry.npmjs.org/postcss-attribute-case-insensitive/-/postcss-attribute-case-insensitive-5.0.0.tgz",
      "integrity": "sha512-b4g9eagFGq9T5SWX4+USfVyjIb3liPnjhHHRMP7FMB2kFVpYyfEscV0wP3eaXhKlcHKUut8lt5BGoeylWA/dBQ==",
      "dev": true,
      "requires": {
        "postcss-selector-parser": "^6.0.2"
      }
    },
    "postcss-clamp": {
      "version": "3.0.0",
      "resolved": "https://registry.npmjs.org/postcss-clamp/-/postcss-clamp-3.0.0.tgz",
      "integrity": "sha512-QENQMIF/Grw0qX0RzSPJjw+mAiGPIwG2AnsQDIoR/WJ5Q19zLB0NrZX8cH7CzzdDWEerTPGCdep7ItFaAdtItg==",
      "dev": true,
      "requires": {
        "postcss-value-parser": "^4.1.0"
      }
    },
    "postcss-color-functional-notation": {
      "version": "4.2.2",
      "resolved": "https://registry.npmjs.org/postcss-color-functional-notation/-/postcss-color-functional-notation-4.2.2.tgz",
      "integrity": "sha512-DXVtwUhIk4f49KK5EGuEdgx4Gnyj6+t2jBSEmxvpIK9QI40tWrpS2Pua8Q7iIZWBrki2QOaeUdEaLPPa91K0RQ==",
      "dev": true,
      "requires": {
        "postcss-value-parser": "^4.2.0"
      }
    },
    "postcss-color-hex-alpha": {
      "version": "8.0.3",
      "resolved": "https://registry.npmjs.org/postcss-color-hex-alpha/-/postcss-color-hex-alpha-8.0.3.tgz",
      "integrity": "sha512-fESawWJCrBV035DcbKRPAVmy21LpoyiXdPTuHUfWJ14ZRjY7Y7PA6P4g8z6LQGYhU1WAxkTxjIjurXzoe68Glw==",
      "dev": true,
      "requires": {
        "postcss-value-parser": "^4.2.0"
      }
    },
    "postcss-color-rebeccapurple": {
      "version": "7.0.2",
      "resolved": "https://registry.npmjs.org/postcss-color-rebeccapurple/-/postcss-color-rebeccapurple-7.0.2.tgz",
      "integrity": "sha512-SFc3MaocHaQ6k3oZaFwH8io6MdypkUtEy/eXzXEB1vEQlO3S3oDc/FSZA8AsS04Z25RirQhlDlHLh3dn7XewWw==",
      "dev": true,
      "requires": {
        "postcss-value-parser": "^4.2.0"
      }
    },
    "postcss-custom-media": {
      "version": "8.0.0",
      "resolved": "https://registry.npmjs.org/postcss-custom-media/-/postcss-custom-media-8.0.0.tgz",
      "integrity": "sha512-FvO2GzMUaTN0t1fBULDeIvxr5IvbDXcIatt6pnJghc736nqNgsGao5NT+5+WVLAQiTt6Cb3YUms0jiPaXhL//g==",
      "dev": true
    },
    "postcss-custom-properties": {
      "version": "12.1.4",
      "resolved": "https://registry.npmjs.org/postcss-custom-properties/-/postcss-custom-properties-12.1.4.tgz",
      "integrity": "sha512-i6AytuTCoDLJkWN/MtAIGriJz3j7UX6bV7Z5t+KgFz+dwZS15/mlTJY1S0kRizlk6ba0V8u8hN50Fz5Nm7tdZw==",
      "dev": true,
      "requires": {
        "postcss-value-parser": "^4.2.0"
      }
    },
    "postcss-custom-selectors": {
      "version": "6.0.0",
      "resolved": "https://registry.npmjs.org/postcss-custom-selectors/-/postcss-custom-selectors-6.0.0.tgz",
      "integrity": "sha512-/1iyBhz/W8jUepjGyu7V1OPcGbc636snN1yXEQCinb6Bwt7KxsiU7/bLQlp8GwAXzCh7cobBU5odNn/2zQWR8Q==",
      "dev": true,
      "requires": {
        "postcss-selector-parser": "^6.0.4"
      }
    },
    "postcss-dir-pseudo-class": {
      "version": "6.0.4",
      "resolved": "https://registry.npmjs.org/postcss-dir-pseudo-class/-/postcss-dir-pseudo-class-6.0.4.tgz",
      "integrity": "sha512-I8epwGy5ftdzNWEYok9VjW9whC4xnelAtbajGv4adql4FIF09rnrxnA9Y8xSHN47y7gqFIv10C5+ImsLeJpKBw==",
      "dev": true,
      "requires": {
        "postcss-selector-parser": "^6.0.9"
      }
    },
    "postcss-double-position-gradients": {
      "version": "3.0.5",
      "resolved": "https://registry.npmjs.org/postcss-double-position-gradients/-/postcss-double-position-gradients-3.0.5.tgz",
      "integrity": "sha512-XiZzvdxLOWZwtt/1GgHJYGoD9scog/DD/yI5dcvPrXNdNDEv7T53/6tL7ikl+EM3jcerII5/XIQzd1UHOdTi2w==",
      "dev": true,
      "requires": {
        "postcss-value-parser": "^4.2.0"
      }
    },
    "postcss-env-function": {
      "version": "4.0.5",
      "resolved": "https://registry.npmjs.org/postcss-env-function/-/postcss-env-function-4.0.5.tgz",
      "integrity": "sha512-gPUJc71ji9XKyl0WSzAalBeEA/89kU+XpffpPxSaaaZ1c48OL36r1Ep5R6+9XAPkIiDlSvVAwP4io12q/vTcvA==",
      "dev": true,
      "requires": {
        "postcss-value-parser": "^4.2.0"
      }
    },
    "postcss-focus-visible": {
      "version": "6.0.4",
      "resolved": "https://registry.npmjs.org/postcss-focus-visible/-/postcss-focus-visible-6.0.4.tgz",
      "integrity": "sha512-QcKuUU/dgNsstIK6HELFRT5Y3lbrMLEOwG+A4s5cA+fx3A3y/JTq3X9LaOj3OC3ALH0XqyrgQIgey/MIZ8Wczw==",
      "dev": true,
      "requires": {
        "postcss-selector-parser": "^6.0.9"
      }
    },
    "postcss-focus-within": {
      "version": "5.0.4",
      "resolved": "https://registry.npmjs.org/postcss-focus-within/-/postcss-focus-within-5.0.4.tgz",
      "integrity": "sha512-vvjDN++C0mu8jz4af5d52CB184ogg/sSxAFS+oUJQq2SuCe7T5U2iIsVJtsCp2d6R4j0jr5+q3rPkBVZkXD9fQ==",
      "dev": true,
      "requires": {
        "postcss-selector-parser": "^6.0.9"
      }
    },
    "postcss-font-variant": {
      "version": "5.0.0",
      "resolved": "https://registry.npmjs.org/postcss-font-variant/-/postcss-font-variant-5.0.0.tgz",
      "integrity": "sha512-1fmkBaCALD72CK2a9i468mA/+tr9/1cBxRRMXOUaZqO43oWPR5imcyPjXwuv7PXbCid4ndlP5zWhidQVVa3hmA==",
      "dev": true
    },
    "postcss-gap-properties": {
      "version": "3.0.3",
      "resolved": "https://registry.npmjs.org/postcss-gap-properties/-/postcss-gap-properties-3.0.3.tgz",
      "integrity": "sha512-rPPZRLPmEKgLk/KlXMqRaNkYTUpE7YC+bOIQFN5xcu1Vp11Y4faIXv6/Jpft6FMnl6YRxZqDZG0qQOW80stzxQ==",
      "dev": true
    },
    "postcss-image-set-function": {
      "version": "4.0.6",
      "resolved": "https://registry.npmjs.org/postcss-image-set-function/-/postcss-image-set-function-4.0.6.tgz",
      "integrity": "sha512-KfdC6vg53GC+vPd2+HYzsZ6obmPqOk6HY09kttU19+Gj1nC3S3XBVEXDHxkhxTohgZqzbUb94bKXvKDnYWBm/A==",
      "dev": true,
      "requires": {
        "postcss-value-parser": "^4.2.0"
      }
    },
    "postcss-initial": {
      "version": "4.0.1",
      "resolved": "https://registry.npmjs.org/postcss-initial/-/postcss-initial-4.0.1.tgz",
      "integrity": "sha512-0ueD7rPqX8Pn1xJIjay0AZeIuDoF+V+VvMt/uOnn+4ezUKhZM/NokDeP6DwMNyIoYByuN/94IQnt5FEkaN59xQ==",
      "dev": true
    },
    "postcss-lab-function": {
      "version": "4.0.4",
      "resolved": "https://registry.npmjs.org/postcss-lab-function/-/postcss-lab-function-4.0.4.tgz",
      "integrity": "sha512-TAEW8X/ahMYV33mvLFQARtBPAy1VVJsiR9VVx3Pcbu+zlqQj0EIyJ/Ie1/EwxwIt530CWtEDzzTXBDzfdb+qIQ==",
      "dev": true,
      "requires": {
        "postcss-value-parser": "^4.2.0"
      }
    },
    "postcss-logical": {
      "version": "5.0.4",
      "resolved": "https://registry.npmjs.org/postcss-logical/-/postcss-logical-5.0.4.tgz",
      "integrity": "sha512-RHXxplCeLh9VjinvMrZONq7im4wjWGlRJAqmAVLXyZaXwfDWP73/oq4NdIp+OZwhQUMj0zjqDfM5Fj7qby+B4g==",
      "dev": true
    },
    "postcss-media-minmax": {
      "version": "5.0.0",
      "resolved": "https://registry.npmjs.org/postcss-media-minmax/-/postcss-media-minmax-5.0.0.tgz",
      "integrity": "sha512-yDUvFf9QdFZTuCUg0g0uNSHVlJ5X1lSzDZjPSFaiCWvjgsvu8vEVxtahPrLMinIDEEGnx6cBe6iqdx5YWz08wQ==",
      "dev": true
    },
    "postcss-nesting": {
      "version": "10.1.2",
      "resolved": "https://registry.npmjs.org/postcss-nesting/-/postcss-nesting-10.1.2.tgz",
      "integrity": "sha512-dJGmgmsvpzKoVMtDMQQG/T6FSqs6kDtUDirIfl4KnjMCiY9/ETX8jdKyCd20swSRAbUYkaBKV20pxkzxoOXLqQ==",
      "dev": true,
      "requires": {
        "postcss-selector-parser": "^6.0.8"
      }
    },
    "postcss-opacity-percentage": {
      "version": "1.1.2",
      "resolved": "https://registry.npmjs.org/postcss-opacity-percentage/-/postcss-opacity-percentage-1.1.2.tgz",
      "integrity": "sha512-lyUfF7miG+yewZ8EAk9XUBIlrHyUE6fijnesuz+Mj5zrIHIEw6KcIZSOk/elVMqzLvREmXB83Zi/5QpNRYd47w==",
      "dev": true
    },
    "postcss-overflow-shorthand": {
      "version": "3.0.3",
      "resolved": "https://registry.npmjs.org/postcss-overflow-shorthand/-/postcss-overflow-shorthand-3.0.3.tgz",
      "integrity": "sha512-CxZwoWup9KXzQeeIxtgOciQ00tDtnylYIlJBBODqkgS/PU2jISuWOL/mYLHmZb9ZhZiCaNKsCRiLp22dZUtNsg==",
      "dev": true
    },
    "postcss-page-break": {
      "version": "3.0.4",
      "resolved": "https://registry.npmjs.org/postcss-page-break/-/postcss-page-break-3.0.4.tgz",
      "integrity": "sha512-1JGu8oCjVXLa9q9rFTo4MbeeA5FMe00/9C7lN4va606Rdb+HkxXtXsmEDrIraQ11fGz/WvKWa8gMuCKkrXpTsQ==",
      "dev": true
    },
    "postcss-place": {
      "version": "7.0.4",
      "resolved": "https://registry.npmjs.org/postcss-place/-/postcss-place-7.0.4.tgz",
      "integrity": "sha512-MrgKeiiu5OC/TETQO45kV3npRjOFxEHthsqGtkh3I1rPbZSbXGD/lZVi9j13cYh+NA8PIAPyk6sGjT9QbRyvSg==",
      "dev": true,
      "requires": {
        "postcss-value-parser": "^4.2.0"
      }
    },
    "postcss-preset-env": {
      "version": "7.3.1",
      "resolved": "https://registry.npmjs.org/postcss-preset-env/-/postcss-preset-env-7.3.1.tgz",
      "integrity": "sha512-x7fNsJxfkY60P4FUNwhJUOfXBFfnObd2EcUYY97sXZ0XRLgmAE65es9EFIYHq1rAk7X3LMfbG+L9wYgkrNsq5Q==",
      "dev": true,
      "requires": {
        "@csstools/postcss-font-format-keywords": "^1.0.0",
        "@csstools/postcss-hwb-function": "^1.0.0",
        "@csstools/postcss-is-pseudo-class": "^2.0.0",
        "@csstools/postcss-normalize-display-values": "^1.0.0",
        "autoprefixer": "^10.4.2",
        "browserslist": "^4.19.1",
        "css-blank-pseudo": "^3.0.2",
        "css-has-pseudo": "^3.0.3",
        "css-prefers-color-scheme": "^6.0.3",
        "cssdb": "^6.1.0",
        "postcss-attribute-case-insensitive": "^5.0.0",
        "postcss-clamp": "^3.0.0",
        "postcss-color-functional-notation": "^4.2.1",
        "postcss-color-hex-alpha": "^8.0.2",
        "postcss-color-rebeccapurple": "^7.0.2",
        "postcss-custom-media": "^8.0.0",
        "postcss-custom-properties": "^12.1.4",
        "postcss-custom-selectors": "^6.0.0",
        "postcss-dir-pseudo-class": "^6.0.3",
        "postcss-double-position-gradients": "^3.0.4",
        "postcss-env-function": "^4.0.4",
        "postcss-focus-visible": "^6.0.3",
        "postcss-focus-within": "^5.0.3",
        "postcss-font-variant": "^5.0.0",
        "postcss-gap-properties": "^3.0.2",
        "postcss-image-set-function": "^4.0.5",
        "postcss-initial": "^4.0.1",
        "postcss-lab-function": "^4.0.3",
        "postcss-logical": "^5.0.3",
        "postcss-media-minmax": "^5.0.0",
        "postcss-nesting": "^10.1.2",
        "postcss-opacity-percentage": "^1.1.2",
        "postcss-overflow-shorthand": "^3.0.2",
        "postcss-page-break": "^3.0.4",
        "postcss-place": "^7.0.3",
        "postcss-pseudo-class-any-link": "^7.1.0",
        "postcss-replace-overflow-wrap": "^4.0.0",
        "postcss-selector-not": "^5.0.0"
      }
    },
    "postcss-pseudo-class-any-link": {
      "version": "7.1.1",
      "resolved": "https://registry.npmjs.org/postcss-pseudo-class-any-link/-/postcss-pseudo-class-any-link-7.1.1.tgz",
      "integrity": "sha512-JRoLFvPEX/1YTPxRxp1JO4WxBVXJYrSY7NHeak5LImwJ+VobFMwYDQHvfTXEpcn+7fYIeGkC29zYFhFWIZD8fg==",
      "dev": true,
      "requires": {
        "postcss-selector-parser": "^6.0.9"
      }
    },
    "postcss-replace-overflow-wrap": {
      "version": "4.0.0",
      "resolved": "https://registry.npmjs.org/postcss-replace-overflow-wrap/-/postcss-replace-overflow-wrap-4.0.0.tgz",
      "integrity": "sha512-KmF7SBPphT4gPPcKZc7aDkweHiKEEO8cla/GjcBK+ckKxiZslIu3C4GCRW3DNfL0o7yW7kMQu9xlZ1kXRXLXtw==",
      "dev": true
    },
    "postcss-selector-not": {
      "version": "5.0.0",
      "resolved": "https://registry.npmjs.org/postcss-selector-not/-/postcss-selector-not-5.0.0.tgz",
      "integrity": "sha512-/2K3A4TCP9orP4TNS7u3tGdRFVKqz/E6pX3aGnriPG0jU78of8wsUcqE4QAhWEU0d+WnMSF93Ah3F//vUtK+iQ==",
      "dev": true,
      "requires": {
        "balanced-match": "^1.0.0"
      }
    },
    "postcss-selector-parser": {
      "version": "6.0.9",
      "resolved": "https://registry.npmjs.org/postcss-selector-parser/-/postcss-selector-parser-6.0.9.tgz",
      "integrity": "sha512-UO3SgnZOVTwu4kyLR22UQ1xZh086RyNZppb7lLAKBFK8a32ttG5i87Y/P3+2bRSjZNyJ1B7hfFNo273tKe9YxQ==",
      "dev": true,
      "requires": {
        "cssesc": "^3.0.0",
        "util-deprecate": "^1.0.2"
      }
    },
    "postcss-value-parser": {
      "version": "4.2.0",
      "resolved": "https://registry.npmjs.org/postcss-value-parser/-/postcss-value-parser-4.2.0.tgz",
      "integrity": "sha512-1NNCs6uurfkVbeXG4S8JFT9t19m45ICnif8zWLd5oPSZ50QnwMfK+H3jv408d4jw/7Bttv5axS5IiHoLaVNHeQ==",
      "dev": true
    },
    "prr": {
      "version": "1.0.1",
      "resolved": "https://registry.npmjs.org/prr/-/prr-1.0.1.tgz",
      "integrity": "sha1-0/wRS6BplaRexok/SEzrHXj19HY=",
      "dev": true,
      "optional": true
    },
    "resolve": {
      "version": "1.22.0",
      "resolved": "https://registry.npmjs.org/resolve/-/resolve-1.22.0.tgz",
      "integrity": "sha512-Hhtrw0nLeSrFQ7phPp4OOcVjLPIeMnRlr5mcnVuMe7M/7eBn98A3hmFRLoFo3DLZkivSYwhRUJTyPyWAk56WLw==",
      "dev": true,
      "requires": {
        "is-core-module": "^2.8.1",
        "path-parse": "^1.0.7",
        "supports-preserve-symlinks-flag": "^1.0.0"
      }
    },
    "rollup": {
      "version": "2.67.0",
      "resolved": "https://registry.npmjs.org/rollup/-/rollup-2.67.0.tgz",
      "integrity": "sha512-W83AaERwvDiHwHEF/dfAfS3z1Be5wf7n+pO3ZAO5IQadCT2lBTr7WQ2MwZZe+nodbD+n3HtC4OCOAdsOPPcKZQ==",
      "dev": true,
      "requires": {
        "fsevents": "~2.3.2"
      }
    },
    "safer-buffer": {
      "version": "2.1.2",
      "resolved": "https://registry.npmjs.org/safer-buffer/-/safer-buffer-2.1.2.tgz",
      "integrity": "sha512-YZo3K82SD7Riyi0E1EQPojLz7kpepnSQI9IyPbHHg1XXXevb5dJI7tpyN2ADxGcQbHG7vcyRHk0cbwqcQriUtg==",
      "dev": true,
      "optional": true
    },
    "sax": {
      "version": "1.2.4",
      "resolved": "https://registry.npmjs.org/sax/-/sax-1.2.4.tgz",
      "integrity": "sha512-NqVDv9TpANUjFm0N8uM5GxL36UgKi9/atZw+x7YFnQ8ckwFGKrl4xX4yWtrey3UJm5nP1kUbnYgLopqWNSRhWw==",
      "dev": true,
      "optional": true
    },
    "semver": {
      "version": "5.7.1",
      "resolved": "https://registry.npmjs.org/semver/-/semver-5.7.1.tgz",
      "integrity": "sha512-sauaDf/PZdVgrLTNYHRtpXa1iRiKcaebiKQ1BJdpQlWH2lCvexQdX55snPFyK7QzpudqbCI0qXFfOasHdyNDGQ==",
      "dev": true,
      "optional": true
    },
    "source-map": {
      "version": "0.6.1",
      "resolved": "https://registry.npmjs.org/source-map/-/source-map-0.6.1.tgz",
      "integrity": "sha512-UjgapumWlbMhkBgzT7Ykc5YXUT46F0iKu8SGXq0bcwP5dz/h0Plj6enJqjz1Zbq2l5WaqYnrVbwWOWMyF3F47g==",
      "dev": true
    },
    "source-map-js": {
      "version": "1.0.2",
      "resolved": "https://registry.npmjs.org/source-map-js/-/source-map-js-1.0.2.tgz",
      "integrity": "sha512-R0XvVJ9WusLiqTCEiGCmICCMplcCkIwwR11mOSD9CR5u+IXYdiseeEuXCVAjS54zqwkLcPNnmU4OeJ6tUrWhDw==",
      "dev": true
    },
    "sourcemap-codec": {
      "version": "1.4.8",
      "resolved": "https://registry.npmjs.org/sourcemap-codec/-/sourcemap-codec-1.4.8.tgz",
      "integrity": "sha512-9NykojV5Uih4lgo5So5dtw+f0JgJX30KCNI8gwhz2J9A15wD0Ml6tjHKwf6fTSa6fAdVBdZeNOs9eJ71qCk8vA==",
      "dev": true
    },
    "supports-preserve-symlinks-flag": {
      "version": "1.0.0",
      "resolved": "https://registry.npmjs.org/supports-preserve-symlinks-flag/-/supports-preserve-symlinks-flag-1.0.0.tgz",
      "integrity": "sha512-ot0WnXS9fgdkgIcePe6RHNk1WA8+muPa6cSjeR3V8K27q9BB1rTE3R1p7Hv0z1ZyAc8s6Vvv8DIyWf681MAt0w==",
      "dev": true
    },
    "tslib": {
      "version": "2.3.1",
      "resolved": "https://registry.npmjs.org/tslib/-/tslib-2.3.1.tgz",
      "integrity": "sha512-77EbyPPpMz+FRFRuAFlWMtmgUWGe9UOG2Z25NqCwiIjRhOf5iKGuzSe5P2w1laq+FkRy4p+PCuVkJSGkzTEKVw==",
      "dev": true
    },
    "util-deprecate": {
      "version": "1.0.2",
      "resolved": "https://registry.npmjs.org/util-deprecate/-/util-deprecate-1.0.2.tgz",
      "integrity": "sha1-RQ1Nyfpw3nMnYvvS1KKJgUGaDM8=",
      "dev": true
    },
    "vite": {
      "version": "2.7.13",
      "resolved": "https://registry.npmjs.org/vite/-/vite-2.7.13.tgz",
      "integrity": "sha512-Mq8et7f3aK0SgSxjDNfOAimZGW9XryfHRa/uV0jseQSilg+KhYDSoNb9h1rknOy6SuMkvNDLKCYAYYUMCE+IgQ==",
      "dev": true,
      "requires": {
        "esbuild": "^0.13.12",
        "fsevents": "~2.3.2",
        "postcss": "^8.4.5",
        "resolve": "^1.20.0",
        "rollup": "^2.59.0"
      }
    },
    "vue": {
      "version": "3.2.29",
      "resolved": "https://registry.npmjs.org/vue/-/vue-3.2.29.tgz",
      "integrity": "sha512-cFIwr7LkbtCRanjNvh6r7wp2yUxfxeM2yPpDQpAfaaLIGZSrUmLbNiSze9nhBJt5MrZ68Iqt0O5scwAMEVxF+Q==",
      "dev": true,
      "requires": {
        "@vue/compiler-dom": "3.2.29",
        "@vue/compiler-sfc": "3.2.29",
        "@vue/runtime-dom": "3.2.29",
        "@vue/server-renderer": "3.2.29",
        "@vue/shared": "3.2.29"
      }
    }
  }
}
